
Microsoft Visual Studio Solution File, Format Version 12.00
# Visual Studio Version 17
VisualStudioVersion = 17.3.32922.545
MinimumVisualStudioVersion = 10.0.40219.1
Project("{FAE04EC0-301F-11D3-BF4B-00C04F79EFBC}") = "DVDCornerHit", "DVDCornerHit\DVDCornerHit.csproj", "{4A31FA51-E54E-4358-B493-46B63F14285E}"
EndProject
Global
	GlobalSection(SolutionConfigurationPlatforms) = preSolution
		Debug|Any CPU = Debug|Any CPU
		Release|Any CPU = Release|Any CPU
	EndGlobalSection
	GlobalSection(ProjectConfigurationPlatforms) = postSolution
		{4A31FA51-E54E-4358-B493-46B63F14285E}.Debug|Any CPU.ActiveCfg = Debug|Any CPU
		{4A31FA51-E54E-4358-B493-46B63F14285E}.Debug|Any CPU.Build.0 = Debug|Any CPU
		{4A31FA51-E54E-4358-B493-46B63F14285E}.Release|Any CPU.ActiveCfg = Release|Any CPU
		{4A31FA51-E54E-4358-B493-46B63F14285E}.Release|Any CPU.Build.0 = Release|Any CPU
	EndGlobalSection
	GlobalSection(SolutionProperties) = preSolution
		HideSolutionNode = FALSE
	EndGlobalSection
	GlobalSection(ExtensibilityGlobals) = postSolution
		SolutionGuid = {8FCB5B2B-C97B-417F-AD7F-990B58991A47}
	EndGlobalSection
EndGlobal
